
Microsoft Visual Studio Solution File, Format Version 12.00
Project("{FAE04EC0-301F-11D3-BF4B-00C04F79EFBC}") = "QuickScope", "QuickScope\QuickScope.csproj", "{0AED2A7C-4C08-4A97-96E1-8B9DBD5A3772}"
EndProject
Global
	GlobalSection(SolutionConfigurationPlatforms) = preSolution
		Debug|Any CPU = Debug|Any CPU
		Release|Any CPU = Release|Any CPU
		Publish|Any CPU = Publish|Any CPU
	EndGlobalSection
	GlobalSection(ProjectConfigurationPlatforms) = postSolution
		{0AED2A7C-4C08-4A97-96E1-8B9DBD5A3772}.Debug|Any CPU.ActiveCfg = Debug|Any CPU
		{0AED2A7C-4C08-4A97-96E1-8B9DBD5A3772}.Debug|Any CPU.Build.0 = Debug|Any CPU
		{0AED2A7C-4C08-4A97-96E1-8B9DBD5A3772}.Release|Any CPU.ActiveCfg = Release|Any CPU
		{0AED2A7C-4C08-4A97-96E1-8B9DBD5A3772}.Release|Any CPU.Build.0 = Release|Any CPU
		{0AED2A7C-4C08-4A97-96E1-8B9DBD5A3772}.Publish|Any CPU.ActiveCfg = Publish|Any CPU
		{0AED2A7C-4C08-4A97-96E1-8B9DBD5A3772}.Publish|Any CPU.Build.0 = Publish|Any CPU
	EndGlobalSection
EndGlobal
